
Microsoft Visual Studio Solution File, Format Version 12.00
# Visual Studio 15
VisualStudioVersion = 15.0.27428.2015
MinimumVisualStudioVersion = 10.0.40219.1
Project("{9A19103F-16F7-4668-BE54-9A1E7A4F7556}") = "DataSepApp", "DataSepApp\DataSepApp.csproj", "{C457A36D-633F-49B4-B331-FDF9089C6BE3}"
EndProject
Project("{FAE04EC0-301F-11D3-BF4B-00C04F79EFBC}") = "Abstractions", "Abstractions\Abstractions.csproj", "{9ED0CF03-0642-4978-8483-32878553F934}"
EndProject
Project("{FAE04EC0-301F-11D3-BF4B-00C04F79EFBC}") = "FakeDataStore", "FakeDataStore\FakeDataStore.csproj", "{E26A3F51-2BA3-42BB-B912-DD6EF6977D3F}"
EndProject
Project("{FAE04EC0-301F-11D3-BF4B-00C04F79EFBC}") = "SrsBidness", "SrsBidness\SrsBidness.csproj", "{19560811-CB67-4230-8F48-A4BDE10ED554}"
EndProject
Project("{2150E333-8FDC-42A3-9474-1A3956D46DE8}") = "1. Application", "1. Application", "{4407B561-7262-4F40-9BF7-E7340BED1992}"
EndProject
Project("{2150E333-8FDC-42A3-9474-1A3956D46DE8}") = "2. Business Layer", "2. Business Layer", "{D09E0290-D1D0-439F-BE7B-430C7E0FC263}"
EndProject
Project("{2150E333-8FDC-42A3-9474-1A3956D46DE8}") = "3. Data Layer", "3. Data Layer", "{150C0BD9-95B4-4263-B795-C7CC3E902D89}"
EndProject
Project("{2150E333-8FDC-42A3-9474-1A3956D46DE8}") = "4. Frameworks", "4. Frameworks", "{53446C78-D1EC-4C3A-876A-10A2D7D553AE}"
EndProject
Project("{FAE04EC0-301F-11D3-BF4B-00C04F79EFBC}") = "DataTypes", "DataTypes\DataTypes.csproj", "{E8145874-DEAD-410F-9DD2-5D59C21BBF0B}"
EndProject
Global
	GlobalSection(SolutionConfigurationPlatforms) = preSolution
		Debug|Any CPU = Debug|Any CPU
		Release|Any CPU = Release|Any CPU
	EndGlobalSection
	GlobalSection(ProjectConfigurationPlatforms) = postSolution
		{C457A36D-633F-49B4-B331-FDF9089C6BE3}.Debug|Any CPU.ActiveCfg = Debug|Any CPU
		{C457A36D-633F-49B4-B331-FDF9089C6BE3}.Debug|Any CPU.Build.0 = Debug|Any CPU
		{C457A36D-633F-49B4-B331-FDF9089C6BE3}.Release|Any CPU.ActiveCfg = Release|Any CPU
		{C457A36D-633F-49B4-B331-FDF9089C6BE3}.Release|Any CPU.Build.0 = Release|Any CPU
		{9ED0CF03-0642-4978-8483-32878553F934}.Debug|Any CPU.ActiveCfg = Debug|Any CPU
		{9ED0CF03-0642-4978-8483-32878553F934}.Debug|Any CPU.Build.0 = Debug|Any CPU
		{9ED0CF03-0642-4978-8483-32878553F934}.Release|Any CPU.ActiveCfg = Release|Any CPU
		{9ED0CF03-0642-4978-8483-32878553F934}.Release|Any CPU.Build.0 = Release|Any CPU
		{E26A3F51-2BA3-42BB-B912-DD6EF6977D3F}.Debug|Any CPU.ActiveCfg = Debug|Any CPU
		{E26A3F51-2BA3-42BB-B912-DD6EF6977D3F}.Debug|Any CPU.Build.0 = Debug|Any CPU
		{E26A3F51-2BA3-42BB-B912-DD6EF6977D3F}.Release|Any CPU.ActiveCfg = Release|Any CPU
		{E26A3F51-2BA3-42BB-B912-DD6EF6977D3F}.Release|Any CPU.Build.0 = Release|Any CPU
		{19560811-CB67-4230-8F48-A4BDE10ED554}.Debug|Any CPU.ActiveCfg = Debug|Any CPU
		{19560811-CB67-4230-8F48-A4BDE10ED554}.Debug|Any CPU.Build.0 = Debug|Any CPU
		{19560811-CB67-4230-8F48-A4BDE10ED554}.Release|Any CPU.ActiveCfg = Release|Any CPU
		{19560811-CB67-4230-8F48-A4BDE10ED554}.Release|Any CPU.Build.0 = Release|Any CPU
		{E8145874-DEAD-410F-9DD2-5D59C21BBF0B}.Debug|Any CPU.ActiveCfg = Debug|Any CPU
		{E8145874-DEAD-410F-9DD2-5D59C21BBF0B}.Debug|Any CPU.Build.0 = Debug|Any CPU
		{E8145874-DEAD-410F-9DD2-5D59C21BBF0B}.Release|Any CPU.ActiveCfg = Release|Any CPU
		{E8145874-DEAD-410F-9DD2-5D59C21BBF0B}.Release|Any CPU.Build.0 = Release|Any CPU
	EndGlobalSection
	GlobalSection(SolutionProperties) = preSolution
		HideSolutionNode = FALSE
	EndGlobalSection
	GlobalSection(NestedProjects) = preSolution
		{C457A36D-633F-49B4-B331-FDF9089C6BE3} = {4407B561-7262-4F40-9BF7-E7340BED1992}
		{9ED0CF03-0642-4978-8483-32878553F934} = {53446C78-D1EC-4C3A-876A-10A2D7D553AE}
		{E26A3F51-2BA3-42BB-B912-DD6EF6977D3F} = {150C0BD9-95B4-4263-B795-C7CC3E902D89}
		{19560811-CB67-4230-8F48-A4BDE10ED554} = {D09E0290-D1D0-439F-BE7B-430C7E0FC263}
		{E8145874-DEAD-410F-9DD2-5D59C21BBF0B} = {150C0BD9-95B4-4263-B795-C7CC3E902D89}
	EndGlobalSection
	GlobalSection(ExtensibilityGlobals) = postSolution
		SolutionGuid = {515DC881-3921-461E-ADB2-F52A00C36746}
	EndGlobalSection
EndGlobal
